
Microsoft Visual Studio Solution File, Format Version 12.00
# Visual Studio 14
VisualStudioVersion = 14.0.24720.0
MinimumVisualStudioVersion = 10.0.40219.1
Project("{FAE04EC0-301F-11D3-BF4B-00C04F79EFBC}") = "easygenerator.Web", "easygenerator.Web\easygenerator.Web.csproj", "{3157004F-564B-4C11-95B5-799C6B2106C3}"
EndProject
Project("{FAE04EC0-301F-11D3-BF4B-00C04F79EFBC}") = "easygenerator.Web.Tests", "easygenerator.Web.Tests\easygenerator.Web.Tests.csproj", "{D4C2BBF9-B3EB-4F16-9C06-2A3F88439556}"
EndProject
Project("{FAE04EC0-301F-11D3-BF4B-00C04F79EFBC}") = "easygenerator.DomainModel", "easygenerator.DomainModel\easygenerator.DomainModel.csproj", "{B1A55D50-7948-471A-9FA8-403512C179A6}"
EndProject
Project("{FAE04EC0-301F-11D3-BF4B-00C04F79EFBC}") = "easygenerator.DomainModel.Tests", "easygenerator.DomainModel.Tests\easygenerator.DomainModel.Tests.csproj", "{796D0AB4-489A-416F-A510-B2A8E6BC011B}"
EndProject
Project("{FAE04EC0-301F-11D3-BF4B-00C04F79EFBC}") = "easygenerator.Infrastructure", "easygenerator.Infrastructure\easygenerator.Infrastructure.csproj", "{E186A113-426B-4AB1-A4B1-5ECC54FA4E80}"
EndProject
Project("{FAE04EC0-301F-11D3-BF4B-00C04F79EFBC}") = "easygenerator.DataAccess", "easygenerator.DataAccess\easygenerator.DataAccess.csproj", "{67A666AE-DE1A-4744-80BC-455536DB1171}"
EndProject
Project("{2150E333-8FDC-42A3-9474-1A3956D46DE8}") = "Solution Items", "Solution Items", "{FFBFF1F0-08AF-48A6-B6BD-7409FE8F062B}"
	ProjectSection(SolutionItems) = preProject
		..\gulpfile.js = ..\gulpfile.js
		WE-browsers.xml = WE-browsers.xml
		WebEssentials-Settings.json = WebEssentials-Settings.json
	EndProjectSection
EndProject
Project("{FAE04EC0-301F-11D3-BF4B-00C04F79EFBC}") = "easygenerator.DataAccess.Tests", "easygenerator.DataAccess.Tests\easygenerator.DataAccess.Tests.csproj", "{AD1EB9D5-15C2-4C38-BFDE-1023F6DD8C0F}"
EndProject
Project("{FAE04EC0-301F-11D3-BF4B-00C04F79EFBC}") = "easygenerator.Infrastructure.Tests", "easygenerator.Infrastructure.Tests\easygenerator.Infrastructure.Tests.csproj", "{97E87D9E-05FB-4082-8B09-2F1E07CDD392}"
EndProject
Project("{FAE04EC0-301F-11D3-BF4B-00C04F79EFBC}") = "easygenerator.PublicationServer", "easygenerator.PublicationServer\easygenerator.PublicationServer.csproj", "{E42847F3-5824-44BA-AA11-16ADF3EE8951}"
EndProject
Project("{2150E333-8FDC-42A3-9474-1A3956D46DE8}") = "Publication", "Publication", "{81E002D5-9A67-4427-A378-3316BF4E89F0}"
EndProject
Project("{FAE04EC0-301F-11D3-BF4B-00C04F79EFBC}") = "easygenerator.PublicationServer.Web", "easygenerator.PublicationServer.Web\easygenerator.PublicationServer.Web.csproj", "{DD3ADECF-EFBC-4375-B60F-765B940671DC}"
EndProject
Project("{FAE04EC0-301F-11D3-BF4B-00C04F79EFBC}") = "easygenerator.PublicationServer.Tests", "easygenerator.PublicationServer.Tests\easygenerator.PublicationServer.Tests.csproj", "{59E0D879-7F47-4802-A2DB-FDBF47ECD225}"
EndProject
Project("{FAE04EC0-301F-11D3-BF4B-00C04F79EFBC}") = "easygenerator.Auth", "easygenerator.Auth\easygenerator.Auth.csproj", "{52F561C9-E7E1-4272-AB48-6767D6C64C65}"
EndProject
Project("{2150E333-8FDC-42A3-9474-1A3956D46DE8}") = ".nuget", ".nuget", "{065031C5-F561-4138-8E16-2D6564AB6ABF}"
	ProjectSection(SolutionItems) = preProject
		.nuget\NuGet.Config = .nuget\NuGet.Config
		.nuget\NuGet.exe = .nuget\NuGet.exe
		.nuget\NuGet.targets = .nuget\NuGet.targets
	EndProjectSection
EndProject
Project("{9092AA53-FB77-4645-B42D-1CCCA6BD08BD}") = "easygenerator.ConvertionServer", "easygenerator.ConvertionServer\easygenerator.ConvertionServer.njsproj", "{0F187409-200C-4A8B-9AF0-9326C941AD55}"
EndProject
Project("{FAE04EC0-301F-11D3-BF4B-00C04F79EFBC}") = "easygenerator.Auth.Tests", "easygenerator.Auth.Tests\easygenerator.Auth.Tests.csproj", "{8A0B7D4B-1B4A-4268-B428-DACF64A5C328}"
EndProject
Project("{9092AA53-FB77-4645-B42D-1CCCA6BD08BD}") = "easygenerator.Player", "easygenerator.Player\easygenerator.Player.njsproj", "{07358240-FE77-4B71-B636-6F655F51040D}"
EndProject
Project("{FAE04EC0-301F-11D3-BF4B-00C04F79EFBC}") = "easygenerator.StorageServer", "easygenerator.StorageServer\easygenerator.StorageServer.csproj", "{45AF38E6-43F5-4A4E-8F6D-16428A64926C}"
EndProject
Project("{FAE04EC0-301F-11D3-BF4B-00C04F79EFBC}") = "easygenerator.StorageServer.Tests", "easygenerator.StorageServer.Tests\easygenerator.StorageServer.Tests.csproj", "{7B1FA47F-9B67-41EC-92D0-29E19B68A844}"
EndProject
Project("{FAE04EC0-301F-11D3-BF4B-00C04F79EFBC}") = "easygenerator.PdfConverter", "easygenerator.PdfConverter\easygenerator.PdfConverter.csproj", "{18B7BAC7-5F56-4855-9F40-6E2D821A7FBF}"
EndProject
Project("{9092AA53-FB77-4645-B42D-1CCCA6BD08BD}") = "easygenerator.WinToWebConverter", "easygenerator.WinToWebConverter\easygenerator.WinToWebConverter.njsproj", "{9179D075-7953-43C4-9B0E-D94DADAA309A}"
EndProject
Global
	GlobalSection(SolutionConfigurationPlatforms) = preSolution
		Debug|Any CPU = Debug|Any CPU
		Release|Any CPU = Release|Any CPU
	EndGlobalSection
	GlobalSection(ProjectConfigurationPlatforms) = postSolution
		{3157004F-564B-4C11-95B5-799C6B2106C3}.Debug|Any CPU.ActiveCfg = Debug|Any CPU
		{3157004F-564B-4C11-95B5-799C6B2106C3}.Debug|Any CPU.Build.0 = Debug|Any CPU
		{3157004F-564B-4C11-95B5-799C6B2106C3}.Debug|Any CPU.Deploy.0 = Debug|Any CPU
		{3157004F-564B-4C11-95B5-799C6B2106C3}.Release|Any CPU.ActiveCfg = Release|Any CPU
		{3157004F-564B-4C11-95B5-799C6B2106C3}.Release|Any CPU.Build.0 = Release|Any CPU
		{D4C2BBF9-B3EB-4F16-9C06-2A3F88439556}.Debug|Any CPU.ActiveCfg = Debug|Any CPU
		{D4C2BBF9-B3EB-4F16-9C06-2A3F88439556}.Debug|Any CPU.Build.0 = Debug|Any CPU
		{D4C2BBF9-B3EB-4F16-9C06-2A3F88439556}.Release|Any CPU.ActiveCfg = Release|Any CPU
		{D4C2BBF9-B3EB-4F16-9C06-2A3F88439556}.Release|Any CPU.Build.0 = Release|Any CPU
		{B1A55D50-7948-471A-9FA8-403512C179A6}.Debug|Any CPU.ActiveCfg = Debug|Any CPU
		{B1A55D50-7948-471A-9FA8-403512C179A6}.Debug|Any CPU.Build.0 = Debug|Any CPU
		{B1A55D50-7948-471A-9FA8-403512C179A6}.Release|Any CPU.ActiveCfg = Release|Any CPU
		{B1A55D50-7948-471A-9FA8-403512C179A6}.Release|Any CPU.Build.0 = Release|Any CPU
		{796D0AB4-489A-416F-A510-B2A8E6BC011B}.Debug|Any CPU.ActiveCfg = Debug|Any CPU
		{796D0AB4-489A-416F-A510-B2A8E6BC011B}.Debug|Any CPU.Build.0 = Debug|Any CPU
		{796D0AB4-489A-416F-A510-B2A8E6BC011B}.Release|Any CPU.ActiveCfg = Release|Any CPU
		{796D0AB4-489A-416F-A510-B2A8E6BC011B}.Release|Any CPU.Build.0 = Release|Any CPU
		{E186A113-426B-4AB1-A4B1-5ECC54FA4E80}.Debug|Any CPU.ActiveCfg = Debug|Any CPU
		{E186A113-426B-4AB1-A4B1-5ECC54FA4E80}.Debug|Any CPU.Build.0 = Debug|Any CPU
		{E186A113-426B-4AB1-A4B1-5ECC54FA4E80}.Release|Any CPU.ActiveCfg = Release|Any CPU
		{E186A113-426B-4AB1-A4B1-5ECC54FA4E80}.Release|Any CPU.Build.0 = Release|Any CPU
		{67A666AE-DE1A-4744-80BC-455536DB1171}.Debug|Any CPU.ActiveCfg = Debug|Any CPU
		{67A666AE-DE1A-4744-80BC-455536DB1171}.Debug|Any CPU.Build.0 = Debug|Any CPU
		{67A666AE-DE1A-4744-80BC-455536DB1171}.Release|Any CPU.ActiveCfg = Release|Any CPU
		{67A666AE-DE1A-4744-80BC-455536DB1171}.Release|Any CPU.Build.0 = Release|Any CPU
		{AD1EB9D5-15C2-4C38-BFDE-1023F6DD8C0F}.Debug|Any CPU.ActiveCfg = Debug|Any CPU
		{AD1EB9D5-15C2-4C38-BFDE-1023F6DD8C0F}.Debug|Any CPU.Build.0 = Debug|Any CPU
		{AD1EB9D5-15C2-4C38-BFDE-1023F6DD8C0F}.Release|Any CPU.ActiveCfg = Release|Any CPU
		{AD1EB9D5-15C2-4C38-BFDE-1023F6DD8C0F}.Release|Any CPU.Build.0 = Release|Any CPU
		{97E87D9E-05FB-4082-8B09-2F1E07CDD392}.Debug|Any CPU.ActiveCfg = Debug|Any CPU
		{97E87D9E-05FB-4082-8B09-2F1E07CDD392}.Debug|Any CPU.Build.0 = Debug|Any CPU
		{97E87D9E-05FB-4082-8B09-2F1E07CDD392}.Release|Any CPU.ActiveCfg = Release|Any CPU
		{97E87D9E-05FB-4082-8B09-2F1E07CDD392}.Release|Any CPU.Build.0 = Release|Any CPU
		{E42847F3-5824-44BA-AA11-16ADF3EE8951}.Debug|Any CPU.ActiveCfg = Debug|Any CPU
		{E42847F3-5824-44BA-AA11-16ADF3EE8951}.Debug|Any CPU.Build.0 = Debug|Any CPU
		{E42847F3-5824-44BA-AA11-16ADF3EE8951}.Release|Any CPU.ActiveCfg = Release|Any CPU
		{E42847F3-5824-44BA-AA11-16ADF3EE8951}.Release|Any CPU.Build.0 = Release|Any CPU
		{DD3ADECF-EFBC-4375-B60F-765B940671DC}.Debug|Any CPU.ActiveCfg = Debug|Any CPU
		{DD3ADECF-EFBC-4375-B60F-765B940671DC}.Debug|Any CPU.Build.0 = Debug|Any CPU
		{DD3ADECF-EFBC-4375-B60F-765B940671DC}.Release|Any CPU.ActiveCfg = Release|Any CPU
		{DD3ADECF-EFBC-4375-B60F-765B940671DC}.Release|Any CPU.Build.0 = Release|Any CPU
		{59E0D879-7F47-4802-A2DB-FDBF47ECD225}.Debug|Any CPU.ActiveCfg = Debug|Any CPU
		{59E0D879-7F47-4802-A2DB-FDBF47ECD225}.Debug|Any CPU.Build.0 = Debug|Any CPU
		{59E0D879-7F47-4802-A2DB-FDBF47ECD225}.Release|Any CPU.ActiveCfg = Release|Any CPU
		{59E0D879-7F47-4802-A2DB-FDBF47ECD225}.Release|Any CPU.Build.0 = Release|Any CPU
		{52F561C9-E7E1-4272-AB48-6767D6C64C65}.Debug|Any CPU.ActiveCfg = Debug|Any CPU
		{52F561C9-E7E1-4272-AB48-6767D6C64C65}.Debug|Any CPU.Build.0 = Debug|Any CPU
		{52F561C9-E7E1-4272-AB48-6767D6C64C65}.Release|Any CPU.ActiveCfg = Release|Any CPU
		{52F561C9-E7E1-4272-AB48-6767D6C64C65}.Release|Any CPU.Build.0 = Release|Any CPU
		{0F187409-200C-4A8B-9AF0-9326C941AD55}.Debug|Any CPU.ActiveCfg = Debug|Any CPU
		{0F187409-200C-4A8B-9AF0-9326C941AD55}.Debug|Any CPU.Build.0 = Debug|Any CPU
		{0F187409-200C-4A8B-9AF0-9326C941AD55}.Release|Any CPU.ActiveCfg = Release|Any CPU
		{0F187409-200C-4A8B-9AF0-9326C941AD55}.Release|Any CPU.Build.0 = Release|Any CPU
		{8A0B7D4B-1B4A-4268-B428-DACF64A5C328}.Debug|Any CPU.ActiveCfg = Debug|Any CPU
		{8A0B7D4B-1B4A-4268-B428-DACF64A5C328}.Debug|Any CPU.Build.0 = Debug|Any CPU
		{8A0B7D4B-1B4A-4268-B428-DACF64A5C328}.Release|Any CPU.ActiveCfg = Release|Any CPU
		{8A0B7D4B-1B4A-4268-B428-DACF64A5C328}.Release|Any CPU.Build.0 = Release|Any CPU
		{07358240-FE77-4B71-B636-6F655F51040D}.Debug|Any CPU.ActiveCfg = Debug|Any CPU
		{07358240-FE77-4B71-B636-6F655F51040D}.Debug|Any CPU.Build.0 = Debug|Any CPU
		{07358240-FE77-4B71-B636-6F655F51040D}.Release|Any CPU.ActiveCfg = Release|Any CPU
		{07358240-FE77-4B71-B636-6F655F51040D}.Release|Any CPU.Build.0 = Release|Any CPU
		{45AF38E6-43F5-4A4E-8F6D-16428A64926C}.Debug|Any CPU.ActiveCfg = Debug|Any CPU
		{45AF38E6-43F5-4A4E-8F6D-16428A64926C}.Debug|Any CPU.Build.0 = Debug|Any CPU
		{45AF38E6-43F5-4A4E-8F6D-16428A64926C}.Release|Any CPU.ActiveCfg = Release|Any CPU
		{45AF38E6-43F5-4A4E-8F6D-16428A64926C}.Release|Any CPU.Build.0 = Release|Any CPU
		{7B1FA47F-9B67-41EC-92D0-29E19B68A844}.Debug|Any CPU.ActiveCfg = Debug|Any CPU
		{7B1FA47F-9B67-41EC-92D0-29E19B68A844}.Debug|Any CPU.Build.0 = Debug|Any CPU
		{7B1FA47F-9B67-41EC-92D0-29E19B68A844}.Release|Any CPU.ActiveCfg = Release|Any CPU
		{7B1FA47F-9B67-41EC-92D0-29E19B68A844}.Release|Any CPU.Build.0 = Release|Any CPU
		{18B7BAC7-5F56-4855-9F40-6E2D821A7FBF}.Debug|Any CPU.ActiveCfg = Debug|Any CPU
		{18B7BAC7-5F56-4855-9F40-6E2D821A7FBF}.Debug|Any CPU.Build.0 = Debug|Any CPU
		{18B7BAC7-5F56-4855-9F40-6E2D821A7FBF}.Release|Any CPU.ActiveCfg = Release|Any CPU
		{18B7BAC7-5F56-4855-9F40-6E2D821A7FBF}.Release|Any CPU.Build.0 = Release|Any CPU
		{9179D075-7953-43C4-9B0E-D94DADAA309A}.Debug|Any CPU.ActiveCfg = Debug|Any CPU
		{9179D075-7953-43C4-9B0E-D94DADAA309A}.Debug|Any CPU.Build.0 = Debug|Any CPU
		{9179D075-7953-43C4-9B0E-D94DADAA309A}.Release|Any CPU.ActiveCfg = Release|Any CPU
		{9179D075-7953-43C4-9B0E-D94DADAA309A}.Release|Any CPU.Build.0 = Release|Any CPU
	EndGlobalSection
	GlobalSection(SolutionProperties) = preSolution
		HideSolutionNode = FALSE
	EndGlobalSection
	GlobalSection(NestedProjects) = preSolution
		{E42847F3-5824-44BA-AA11-16ADF3EE8951} = {81E002D5-9A67-4427-A378-3316BF4E89F0}
		{DD3ADECF-EFBC-4375-B60F-765B940671DC} = {81E002D5-9A67-4427-A378-3316BF4E89F0}
		{59E0D879-7F47-4802-A2DB-FDBF47ECD225} = {81E002D5-9A67-4427-A378-3316BF4E89F0}
	EndGlobalSection
EndGlobal
