
Microsoft Visual Studio Solution File, Format Version 12.00
# Visual Studio 2012
Project("{FAE04EC0-301F-11D3-BF4B-00C04F79EFBC}") = "easygenerator.Web", "easygenerator.Web\easygenerator.Web.csproj", "{3157004F-564B-4C11-95B5-799C6B2106C3}"
EndProject
Project("{FAE04EC0-301F-11D3-BF4B-00C04F79EFBC}") = "easygenerator.Web.Tests", "easygenerator.Web.Tests\easygenerator.Web.Tests.csproj", "{D4C2BBF9-B3EB-4F16-9C06-2A3F88439556}"
EndProject
Global
	GlobalSection(SolutionConfigurationPlatforms) = preSolution
		Debug|Any CPU = Debug|Any CPU
		Release|Any CPU = Release|Any CPU
	EndGlobalSection
	GlobalSection(ProjectConfigurationPlatforms) = postSolution
		{3157004F-564B-4C11-95B5-799C6B2106C3}.Debug|Any CPU.ActiveCfg = Debug|Any CPU
		{3157004F-564B-4C11-95B5-799C6B2106C3}.Debug|Any CPU.Build.0 = Debug|Any CPU
		{3157004F-564B-4C11-95B5-799C6B2106C3}.Release|Any CPU.ActiveCfg = Release|Any CPU
		{3157004F-564B-4C11-95B5-799C6B2106C3}.Release|Any CPU.Build.0 = Release|Any CPU
		{D4C2BBF9-B3EB-4F16-9C06-2A3F88439556}.Debug|Any CPU.ActiveCfg = Debug|Any CPU
		{D4C2BBF9-B3EB-4F16-9C06-2A3F88439556}.Debug|Any CPU.Build.0 = Debug|Any CPU
		{D4C2BBF9-B3EB-4F16-9C06-2A3F88439556}.Release|Any CPU.ActiveCfg = Release|Any CPU
		{D4C2BBF9-B3EB-4F16-9C06-2A3F88439556}.Release|Any CPU.Build.0 = Release|Any CPU
	EndGlobalSection
	GlobalSection(SolutionProperties) = preSolution
		HideSolutionNode = FALSE
	EndGlobalSection
EndGlobal
